schema: '2.0'
stages:
  train:
    cmd: python train_if_needed.py
    deps:
    - path: app.py
      hash: md5
      md5: 07619a5f819d95fccf3c514a328cd722
      size: 2472
    - path: data/anomalies.csv
      hash: md5
      md5: c16038d39ffe1ed88829f8dc4e51c0ad
      size: 1422077
    - path: train_if_needed.py
      hash: md5
      md5: 7190b31e00296bedb622cfe2a0d96418
      size: 2218
    outs:
    - path: output.csv
      hash: md5
      md5: cc0f19090748bedcd753966d240ea798
      size: 1581625
