schema: '2.0'
stages:
  train:
    cmd: python app.py
    deps:
    - path: app.py
      hash: md5
      md5: 73ea984f79191c02d544a5241225ffd9
      size: 2299
    - path: data/anomalies.csv
      hash: md5
      md5: 46d9c00ea2006f85a5f1335ea80cde4a
      size: 1422075
    outs:
    - path: model.pkl
      hash: md5
      md5: f4cf465039b04e868c438e31871cb7ec
      size: 32199
    - path: output.csv
      hash: md5
      md5: e1a7500762decb80e2bbe9a43d49c259
      size: 1581635
